// !$*UTF8*$!
{
	archiveVersion = 1;
	classes = {
	};
	objectVersion = 46;
	objects = {

/* Begin PBXBuildFile section */
		3EF2B7431BB2050C0096591F /* AppDelegate.swift in Sources */ = {isa = PBXBuildFile; fileRef = 3EF2B7421BB2050C0096591F /* AppDelegate.swift */; };
		3EF2B7451BB2050C0096591F /* ViewController.swift in Sources */ = {isa = PBXBuildFile; fileRef = 3EF2B7441BB2050C0096591F /* ViewController.swift */; };
		3EF2B7481BB2050C0096591F /* Main.storyboard in Resources */ = {isa = PBXBuildFile; fileRef = 3EF2B7461BB2050C0096591F /* Main.storyboard */; };
		3EF2B74A1BB2050C0096591F /* Assets.xcassets in Resources */ = {isa = PBXBuildFile; fileRef = 3EF2B7491BB2050C0096591F /* Assets.xcassets */; };
		3EF2B74D1BB2050C0096591F /* LaunchScreen.storyboard in Resources */ = {isa = PBXBuildFile; fileRef = 3EF2B74B1BB2050C0096591F /* LaunchScreen.storyboard */; };
		3EF2B7581BB2050D0096591F /* testSBRTests.swift in Sources */ = {isa = PBXBuildFile; fileRef = 3EF2B7571BB2050D0096591F /* testSBRTests.swift */; };
		3EF2B7631BB2050D0096591F /* testSBRUITests.swift in Sources */ = {isa = PBXBuildFile; fileRef = 3EF2B7621BB2050D0096591F /* testSBRUITests.swift */; };
/* End PBXBuildFile section */

/* Begin PBXContainerItemProxy section */
		3EF2B7541BB2050D0096591F /* PBXContainerItemProxy */ = {
			isa = PBXContainerItemProxy;
			containerPortal = 3EF2B7371BB2050C0096591F /* Project object */;
			proxyType = 1;
			remoteGlobalIDString = 3EF2B73E1BB2050C0096591F;
			remoteInfo = testSBR;
		};
		3EF2B75F1BB2050D0096591F /* PBXContainerItemProxy */ = {
			isa = PBXContainerItemProxy;
			containerPortal = 3EF2B7371BB2050C0096591F /* Project object */;
			proxyType = 1;
			remoteGlobalIDString = 3EF2B73E1BB2050C0096591F;
			remoteInfo = testSBR;
		};
/* End PBXContainerItemProxy section */

/* Begin PBXFileReference section */
		3EF2B73F1BB2050C0096591F /* testSBR.app */ = {isa = PBXFileReference; explicitFileType = wrapper.application; includeInIndex = 0; path = testSBR.app; sourceTree = BUILT_PRODUCTS_DIR; };
		3EF2B7421BB2050C0096591F /* AppDelegate.swift */ = {isa = PBXFileReference; lastKnownFileType = sourcecode.swift; path = AppDelegate.swift; sourceTree = "<group>"; };
		3EF2B7441BB2050C0096591F /* ViewController.swift */ = {isa = PBXFileReference; lastKnownFileType = sourcecode.swift; path = ViewController.swift; sourceTree = "<group>"; };
		3EF2B7471BB2050C0096591F /* Base */ = {isa = PBXFileReference; lastKnownFileType = file.storyboard; name = Base; path = Base.lproj/Main.storyboard; sourceTree = "<group>"; };
		3EF2B7491BB2050C0096591F /* Assets.xcassets */ = {isa = PBXFileReference; lastKnownFileType = folder.assetcatalog; path = Assets.xcassets; sourceTree = "<group>"; };
		3EF2B74C1BB2050C0096591F /* Base */ = {isa = PBXFileReference; lastKnownFileType = file.storyboard; name = Base; path = Base.lproj/LaunchScreen.storyboard; sourceTree = "<group>"; };
		3EF2B74E1BB2050C0096591F /* Info.plist */ = {isa = PBXFileReference; lastKnownFileType = text.plist.xml; path = Info.plist; sourceTree = "<group>"; };
		3EF2B7531BB2050D0096591F /* testSBRTests.xctest */ = {isa = PBXFileReference; explicitFileType = wrapper.cfbundle; includeInIndex = 0; path = testSBRTests.xctest; sourceTree = BUILT_PRODUCTS_DIR; };
		3EF2B7571BB2050D0096591F /* testSBRTests.swift */ = {isa = PBXFileReference; lastKnownFileType = sourcecode.swift; path = testSBRTests.swift; sourceTree = "<group>"; };
		3EF2B7591BB2050D0096591F /* Info.plist */ = {isa = PBXFileReference; lastKnownFileType = text.plist.xml; path = Info.plist; sourceTree = "<group>"; };
		3EF2B75E1BB2050D0096591F /* testSBRUITests.xctest */ = {isa = PBXFileReference; explicitFileType = wrapper.cfbundle; includeInIndex = 0; path = testSBRUITests.xctest; sourceTree = BUILT_PRODUCTS_DIR; };
		3EF2B7621BB2050D0096591F /* testSBRUITests.swift */ = {isa = PBXFileReference; lastKnownFileType = sourcecode.swift; path = testSBRUITests.swift; sourceTree = "<group>"; };
		3EF2B7641BB2050D0096591F /* Info.plist */ = {isa = PBXFileReference; lastKnownFileType = text.plist.xml; path = Info.plist; sourceTree = "<group>"; };
/* End PBXFileReference section */

/* Begin PBXFrameworksBuildPhase section */
		3EF2B73C1BB2050C0096591F /* Frameworks */ = {
			isa = PBXFrameworksBuildPhase;
			buildActionMask = 2147483647;
			files = (
			);
			runOnlyForDeploymentPostprocessing = 0;
		};
		3EF2B7501BB2050D0096591F /* Frameworks */ = {
			isa = PBXFrameworksBuildPhase;
			buildActionMask = 2147483647;
			files = (
			);
			runOnlyForDeploymentPostprocessing = 0;
		};
		3EF2B75B1BB2050D0096591F /* Frameworks */ = {
			isa = PBXFrameworksBuildPhase;
			buildActionMask = 2147483647;
			files = (
			);
			runOnlyForDeploymentPostprocessing = 0;
		};
/* End PBXFrameworksBuildPhase section */

/* Begin PBXGroup section */
		3EF2B7361BB2050C0096591F = {
			isa = PBXGroup;
			children = (
				3EF2B7411BB2050C0096591F /* testSBR */,
				3EF2B7561BB2050D0096591F /* testSBRTests */,
				3EF2B7611BB2050D0096591F /* testSBRUITests */,
				3EF2B7401BB2050C0096591F /* Products */,
			);
			sourceTree = "<group>";
		};
		3EF2B7401BB2050C0096591F /* Products */ = {
			isa = PBXGroup;
			children = (
				3EF2B73F1BB2050C0096591F /* testSBR.app */,
				3EF2B7531BB2050D0096591F /* testSBRTests.xctest */,
				3EF2B75E1BB2050D0096591F /* testSBRUITests.xctest */,
			);
			name = Products;
			sourceTree = "<group>";
		};
		3EF2B7411BB2050C0096591F /* testSBR */ = {
			isa = PBXGroup;
			children = (
				3EF2B7421BB2050C0096591F /* AppDelegate.swift */,
				3EF2B7441BB2050C0096591F /* ViewController.swift */,
				3EF2B7461BB2050C0096591F /* Main.storyboard */,
				3EF2B7491BB2050C0096591F /* Assets.xcassets */,
				3EF2B74B1BB2050C0096591F /* LaunchScreen.storyboard */,
				3EF2B74E1BB2050C0096591F /* Info.plist */,
			);
			path = testSBR;
			sourceTree = "<group>";
		};
		3EF2B7561BB2050D0096591F /* testSBRTests */ = {
			isa = PBXGroup;
			children = (
				3EF2B7571BB2050D0096591F /* testSBRTests.swift */,
				3EF2B7591BB2050D0096591F /* Info.plist */,
			);
			path = testSBRTests;
			sourceTree = "<group>";
		};
		3EF2B7611BB2050D0096591F /* testSBRUITests */ = {
			isa = PBXGroup;
			children = (
				3EF2B7621BB2050D0096591F /* testSBRUITests.swift */,
				3EF2B7641BB2050D0096591F /* Info.plist */,
			);
			path = testSBRUITests;
			sourceTree = "<group>";
		};
/* End PBXGroup section */

/* Begin PBXNativeTarget section */
		3EF2B73E1BB2050C0096591F /* testSBR */ = {
			isa = PBXNativeTarget;
			buildConfigurationList = 3EF2B7671BB2050D0096591F /* Build configuration list for PBXNativeTarget "testSBR" */;
			buildPhases = (
				3EF2B73B1BB2050C0096591F /* Sources */,
				3EF2B73C1BB2050C0096591F /* Frameworks */,
				3EF2B73D1BB2050C0096591F /* Resources */,
			);
			buildRules = (
			);
			dependencies = (
			);
			name = testSBR;
			productName = testSBR;
			productReference = 3EF2B73F1BB2050C0096591F /* testSBR.app */;
			productType = "com.apple.product-type.application";
		};
		3EF2B7521BB2050D0096591F /* testSBRTests */ = {
			isa = PBXNativeTarget;
			buildConfigurationList = 3EF2B76A1BB2050D0096591F /* Build configuration list for PBXNativeTarget "testSBRTests" */;
			buildPhases = (
				3EF2B74F1BB2050D0096591F /* Sources */,
				3EF2B7501BB2050D0096591F /* Frameworks */,
				3EF2B7511BB2050D0096591F /* Resources */,
			);
			buildRules = (
			);
			dependencies = (
				3EF2B7551BB2050D0096591F /* PBXTargetDependency */,
			);
			name = testSBRTests;
			productName = testSBRTests;
			productReference = 3EF2B7531BB2050D0096591F /* testSBRTests.xctest */;
			productType = "com.apple.product-type.bundle.unit-test";
		};
		3EF2B75D1BB2050D0096591F /* testSBRUITests */ = {
			isa = PBXNativeTarget;
			buildConfigurationList = 3EF2B76D1BB2050D0096591F /* Build configuration list for PBXNativeTarget "testSBRUITests" */;
			buildPhases = (
				3EF2B75A1BB2050D0096591F /* Sources */,
				3EF2B75B1BB2050D0096591F /* Frameworks */,
				3EF2B75C1BB2050D0096591F /* Resources */,
			);
			buildRules = (
			);
			dependencies = (
				3EF2B7601BB2050D0096591F /* PBXTargetDependency */,
			);
			name = testSBRUITests;
			productName = testSBRUITests;
			productReference = 3EF2B75E1BB2050D0096591F /* testSBRUITests.xctest */;
			productType = "com.apple.product-type.bundle.ui-testing";
		};
/* End PBXNativeTarget section */

/* Begin PBXProject section */
		3EF2B7371BB2050C0096591F /* Project object */ = {
			isa = PBXProject;
			attributes = {
				LastUpgradeCheck = 0700;
				ORGANIZATIONNAME = "Kan Chen";
				TargetAttributes = {
					3EF2B73E1BB2050C0096591F = {
						CreatedOnToolsVersion = 7.0;
					};
					3EF2B7521BB2050D0096591F = {
						CreatedOnToolsVersion = 7.0;
						TestTargetID = 3EF2B73E1BB2050C0096591F;
					};
					3EF2B75D1BB2050D0096591F = {
						CreatedOnToolsVersion = 7.0;
						TestTargetID = 3EF2B73E1BB2050C0096591F;
					};
				};
			};
			buildConfigurationList = 3EF2B73A1BB2050C0096591F /* Build configuration list for PBXProject "testSBR" */;
			compatibilityVersion = "Xcode 3.2";
			developmentRegion = English;
			hasScannedForEncodings = 0;
			knownRegions = (
				en,
				Base,
			);
			mainGroup = 3EF2B7361BB2050C0096591F;
			productRefGroup = 3EF2B7401BB2050C0096591F /* Products */;
			projectDirPath = "";
			projectRoot = "";
			targets = (
				3EF2B73E1BB2050C0096591F /* testSBR */,
				3EF2B7521BB2050D0096591F /* testSBRTests */,
				3EF2B75D1BB2050D0096591F /* testSBRUITests */,
			);
		};
/* End PBXProject section */

/* Begin PBXResourcesBuildPhase section */
		3EF2B73D1BB2050C0096591F /* Resources */ = {
			isa = PBXResourcesBuildPhase;
			buildActionMask = 2147483647;
			files = (
				3EF2B74D1BB2050C0096591F /* LaunchScreen.storyboard in Resources */,
				3EF2B74A1BB2050C0096591F /* Assets.xcassets in Resources */,
				3EF2B7481BB2050C0096591F /* Main.storyboard in Resources */,
			);
			runOnlyForDeploymentPostprocessing = 0;
		};
		3EF2B7511BB2050D0096591F /* Resources */ = {
			isa = PBXResourcesBuildPhase;
			buildActionMask = 2147483647;
			files = (
			);
			runOnlyForDeploymentPostprocessing = 0;
		};
		3EF2B75C1BB2050D0096591F /* Resources */ = {
			isa = PBXResourcesBuildPhase;
			buildActionMask = 2147483647;
			files = (
			);
			runOnlyForDeploymentPostprocessing = 0;
		};
/* End PBXResourcesBuildPhase section */

/* Begin PBXSourcesBuildPhase section */
		3EF2B73B1BB2050C0096591F /* Sources */ = {
			isa = PBXSourcesBuildPhase;
			buildActionMask = 2147483647;
			files = (
				3EF2B7451BB2050C0096591F /* ViewController.swift in Sources */,
				3EF2B7431BB2050C0096591F /* AppDelegate.swift in Sources */,
			);
			runOnlyForDeploymentPostprocessing = 0;
		};
		3EF2B74F1BB2050D0096591F /* Sources */ = {
			isa = PBXSourcesBuildPhase;
			buildActionMask = 2147483647;
			files = (
				3EF2B7581BB2050D0096591F /* testSBRTests.swift in Sources */,
			);
			runOnlyForDeploymentPostprocessing = 0;
		};
		3EF2B75A1BB2050D0096591F /* Sources */ = {
			isa = PBXSourcesBuildPhase;
			buildActionMask = 2147483647;
			files = (
				3EF2B7631BB2050D0096591F /* testSBRUITests.swift in Sources */,
			);
			runOnlyForDeploymentPostprocessing = 0;
		};
/* End PBXSourcesBuildPhase section */

/* Begin PBXTargetDependency section */
		3EF2B7551BB2050D0096591F /* PBXTargetDependency */ = {
			isa = PBXTargetDependency;
			target = 3EF2B73E1BB2050C0096591F /* testSBR */;
			targetProxy = 3EF2B7541BB2050D0096591F /* PBXContainerItemProxy */;
		};
		3EF2B7601BB2050D0096591F /* PBXTargetDependency */ = {
			isa = PBXTargetDependency;
			target = 3EF2B73E1BB2050C0096591F /* testSBR */;
			targetProxy = 3EF2B75F1BB2050D0096591F /* PBXContainerItemProxy */;
		};
/* End PBXTargetDependency section */

/* Begin PBXVariantGroup section */
		3EF2B7461BB2050C0096591F /* Main.storyboard */ = {
			isa = PBXVariantGroup;
			children = (
				3EF2B7471BB2050C0096591F /* Base */,
			);
			name = Main.storyboard;
			sourceTree = "<group>";
		};
		3EF2B74B1BB2050C0096591F /* LaunchScreen.storyboard */ = {
			isa = PBXVariantGroup;
			children = (
				3EF2B74C1BB2050C0096591F /* Base */,
			);
			name = LaunchScreen.storyboard;
			sourceTree = "<group>";
		};
/* End PBXVariantGroup section */

/* Begin XCBuildConfiguration section */
		3EF2B7651BB2050D0096591F /* Debug */ = {
			isa = XCBuildConfiguration;
			buildSettings = {
				ALWAYS_SEARCH_USER_PATHS = NO;
				CLANG_CXX_LANGUAGE_STANDARD = "gnu++0x";
				CLANG_CXX_LIBRARY = "libc++";
				CLANG_ENABLE_MODULES = YES;
				CLANG_ENABLE_OBJC_ARC = YES;
				CLANG_WARN_BOOL_CONVERSION = YES;
				CLANG_WARN_CONSTANT_CONVERSION = YES;
				CLANG_WARN_DIRECT_OBJC_ISA_USAGE = YES_ERROR;
				CLANG_WARN_EMPTY_BODY = YES;
				CLANG_WARN_ENUM_CONVERSION = YES;
				CLANG_WARN_INT_CONVERSION = YES;
				CLANG_WARN_OBJC_ROOT_CLASS = YES_ERROR;
				CLANG_WARN_UNREACHABLE_CODE = YES;
				CLANG_WARN__DUPLICATE_METHOD_MATCH = YES;
				"CODE_SIGN_IDENTITY[sdk=iphoneos*]" = "iPhone Developer";
				COPY_PHASE_STRIP = NO;
				DEBUG_INFORMATION_FORMAT = dwarf;
				ENABLE_STRICT_OBJC_MSGSEND = YES;
				ENABLE_TESTABILITY = YES;
				GCC_C_LANGUAGE_STANDARD = gnu99;
				GCC_DYNAMIC_NO_PIC = NO;
				GCC_NO_COMMON_BLOCKS = YES;
				GCC_OPTIMIZATION_LEVEL = 0;
				GCC_PREPROCESSOR_DEFINITIONS = (
					"DEBUG=1",
					"$(inherited)",
				);
				GCC_WARN_64_TO_32_BIT_CONVERSION = YES;
				GCC_WARN_ABOUT_RETURN_TYPE = YES_ERROR;
				GCC_WARN_UNDECLARED_SELECTOR = YES;
				GCC_WARN_UNINITIALIZED_AUTOS = YES_AGGRESSIVE;
				GCC_WARN_UNUSED_FUNCTION = YES;
				GCC_WARN_UNUSED_VARIABLE = YES;
				IPHONEOS_DEPLOYMENT_TARGET = 9.0;
				MTL_ENABLE_DEBUG_INFO = YES;
				ONLY_ACTIVE_ARCH = YES;
				SDKROOT = iphoneos;
				SWIFT_OPTIMIZATION_LEVEL = "-Onone";
				TARGETED_DEVICE_FAMILY = "1,2";
			};
			name = Debug;
		};
		3EF2B7661BB2050D0096591F /* Release */ = {
			isa = XCBuildConfiguration;
			buildSettings = {
				ALWAYS_SEARCH_USER_PATHS = NO;
				CLANG_CXX_LANGUAGE_STANDARD = "gnu++0x";
				CLANG_CXX_LIBRARY = "libc++";
				CLANG_ENABLE_MODULES = YES;
				CLANG_ENABLE_OBJC_ARC = YES;
				CLANG_WARN_BOOL_CONVERSION = YES;
				CLANG_WARN_CONSTANT_CONVERSION = YES;
				CLANG_WARN_DIRECT_OBJC_ISA_USAGE = YES_ERROR;
				CLANG_WARN_EMPTY_BODY = YES;
				CLANG_WARN_ENUM_CONVERSION = YES;
				CLANG_WARN_INT_CONVERSION = YES;
				CLANG_WARN_OBJC_ROOT_CLASS = YES_ERROR;
				CLANG_WARN_UNREACHABLE_CODE = YES;
				CLANG_WARN__DUPLICATE_METHOD_MATCH = YES;
				"CODE_SIGN_IDENTITY[sdk=iphoneos*]" = "iPhone Developer";
				COPY_PHASE_STRIP = NO;
				DEBUG_INFORMATION_FORMAT = "dwarf-with-dsym";
				ENABLE_NS_ASSERTIONS = NO;
				ENABLE_STRICT_OBJC_MSGSEND = YES;
				GCC_C_LANGUAGE_STANDARD = gnu99;
				GCC_NO_COMMON_BLOCKS = YES;
				GCC_WARN_64_TO_32_BIT_CONVERSION = YES;
				GCC_WARN_ABOUT_RETURN_TYPE = YES_ERROR;
				GCC_WARN_UNDECLARED_SELECTOR = YES;
				GCC_WARN_UNINITIALIZED_AUTOS = YES_AGGRESSIVE;
				GCC_WARN_UNUSED_FUNCTION = YES;
				GCC_WARN_UNUSED_VARIABLE = YES;
				IPHONEOS_DEPLOYMENT_TARGET = 9.0;
				MTL_ENABLE_DEBUG_INFO = NO;
				SDKROOT = iphoneos;
				TARGETED_DEVICE_FAMILY = "1,2";
				VALIDATE_PRODUCT = YES;
			};
			name = Release;
		};
		3EF2B7681BB2050D0096591F /* Debug */ = {
			isa = XCBuildConfiguration;
			buildSettings = {
				ASSETCATALOG_COMPILER_APPICON_NAME = AppIcon;
				INFOPLIST_FILE = testSBR/Info.plist;
				LD_RUNPATH_SEARCH_PATHS = "$(inherited) @executable_path/Frameworks";
				PRODUCT_BUNDLE_IDENTIFIER = aa.testSBR;
				PRODUCT_NAME = "$(TARGET_NAME)";
			};
			name = Debug;
		};
		3EF2B7691BB2050D0096591F /* Release */ = {
			isa = XCBuildConfiguration;
			buildSettings = {
				ASSETCATALOG_COMPILER_APPICON_NAME = AppIcon;
				INFOPLIST_FILE = testSBR/Info.plist;
				LD_RUNPATH_SEARCH_PATHS = "$(inherited) @executable_path/Frameworks";
				PRODUCT_BUNDLE_IDENTIFIER = aa.testSBR;
				PRODUCT_NAME = "$(TARGET_NAME)";
			};
			name = Release;
		};
		3EF2B76B1BB2050D0096591F /* Debug */ = {
			isa = XCBuildConfiguration;
			buildSettings = {
				BUNDLE_LOADER = "$(TEST_HOST)";
				INFOPLIST_FILE = testSBRTests/Info.plist;
				LD_RUNPATH_SEARCH_PATHS = "$(inherited) @executable_path/Frameworks @loader_path/Frameworks";
				PRODUCT_BUNDLE_IDENTIFIER = aa.testSBRTests;
				PRODUCT_NAME = "$(TARGET_NAME)";
				TEST_HOST = "$(BUILT_PRODUCTS_DIR)/testSBR.app/testSBR";
			};
			name = Debug;
		};
		3EF2B76C1BB2050D0096591F /* Release */ = {
			isa = XCBuildConfiguration;
			buildSettings = {
				BUNDLE_LOADER = "$(TEST_HOST)";
				INFOPLIST_FILE = testSBRTests/Info.plist;
				LD_RUNPATH_SEARCH_PATHS = "$(inherited) @executable_path/Frameworks @loader_path/Frameworks";
				PRODUCT_BUNDLE_IDENTIFIER = aa.testSBRTests;
				PRODUCT_NAME = "$(TARGET_NAME)";
				TEST_HOST = "$(BUILT_PRODUCTS_DIR)/testSBR.app/testSBR";
			};
			name = Release;
		};
		3EF2B76E1BB2050D0096591F /* Debug */ = {
			isa = XCBuildConfiguration;
			buildSettings = {
				INFOPLIST_FILE = testSBRUITests/Info.plist;
				LD_RUNPATH_SEARCH_PATHS = "$(inherited) @executable_path/Frameworks @loader_path/Frameworks";
				PRODUCT_BUNDLE_IDENTIFIER = aa.testSBRUITests;
				PRODUCT_NAME = "$(TARGET_NAME)";
				TEST_TARGET_NAME = testSBR;
				USES_XCTRUNNER = YES;
			};
			name = Debug;
		};
		3EF2B76F1BB2050D0096591F /* Release */ = {
			isa = XCBuildConfiguration;
			buildSettings = {
				INFOPLIST_FILE = testSBRUITests/Info.plist;
				LD_RUNPATH_SEARCH_PATHS = "$(inherited) @executable_path/Frameworks @loader_path/Frameworks";
				PRODUCT_BUNDLE_IDENTIFIER = aa.testSBRUITests;
				PRODUCT_NAME = "$(TARGET_NAME)";
				TEST_TARGET_NAME = testSBR;
				USES_XCTRUNNER = YES;
			};
			name = Release;
		};
/* End XCBuildConfiguration section */

/* Begin XCConfigurationList section */
		3EF2B73A1BB2050C0096591F /* Build configuration list for PBXProject "testSBR" */ = {
			isa = XCConfigurationList;
			buildConfigurations = (
				3EF2B7651BB2050D0096591F /* Debug */,
				3EF2B7661BB2050D0096591F /* Release */,
			);
			defaultConfigurationIsVisible = 0;
			defaultConfigurationName = Release;
		};
		3EF2B7671BB2050D0096591F /* Build configuration list for PBXNativeTarget "testSBR" */ = {
			isa = XCConfigurationList;
			buildConfigurations = (
				3EF2B7681BB2050D0096591F /* Debug */,
				3EF2B7691BB2050D0096591F /* Release */,
			);
			defaultConfigurationIsVisible = 0;
		};
		3EF2B76A1BB2050D0096591F /* Build configuration list for PBXNativeTarget "testSBRTests" */ = {
			isa = XCConfigurationList;
			buildConfigurations = (
				3EF2B76B1BB2050D0096591F /* Debug */,
				3EF2B76C1BB2050D0096591F /* Release */,
			);
			defaultConfigurationIsVisible = 0;
		};
		3EF2B76D1BB2050D0096591F /* Build configuration list for PBXNativeTarget "testSBRUITests" */ = {
			isa = XCConfigurationList;
			buildConfigurations = (
				3EF2B76E1BB2050D0096591F /* Debug */,
				3EF2B76F1BB2050D0096591F /* Release */,
			);
			defaultConfigurationIsVisible = 0;
		};
/* End XCConfigurationList section */
	};
	rootObject = 3EF2B7371BB2050C0096591F /* Project object */;
}
